// !$*UTF8*$!
{
	archiveVersion = 1;
	classes = {
	};
	objectVersion = 50;
	objects = {

/* Begin PBXBuildFile section */
		E4C0A3226044D002583A7646 /* Pods_Fam_ly___iOS_Edition.framework in Frameworks */ = {isa = PBXBuildFile; fileRef = 3BD84FAA39690810BEBF502B /* Pods_Fam_ly___iOS_Edition.framework */; };
		F23C9749229C51B3006D46CD /* ProfileLoginController.swift in Sources */ = {isa = PBXBuildFile; fileRef = F23C9748229C51B3006D46CD /* ProfileLoginController.swift */; };
		F23C974B229C7831006D46CD /* ForgotPasswordController.swift in Sources */ = {isa = PBXBuildFile; fileRef = F23C974A229C7831006D46CD /* ForgotPasswordController.swift */; };
		F2C68BE9229CAFB80069E001 /* EditFamilyController.swift in Sources */ = {isa = PBXBuildFile; fileRef = F2C68BE8229CAFB80069E001 /* EditFamilyController.swift */; };
		F2C68BEB229DC2140069E001 /* EditPasswordController.swift in Sources */ = {isa = PBXBuildFile; fileRef = F2C68BEA229DC2140069E001 /* EditPasswordController.swift */; };
		F2C68BED229DEF080069E001 /* FamilyProfileController.swift in Sources */ = {isa = PBXBuildFile; fileRef = F2C68BEC229DEF080069E001 /* FamilyProfileController.swift */; };
		F2C68BF1229E58020069E001 /* ProfileListCell.swift in Sources */ = {isa = PBXBuildFile; fileRef = F2C68BF0229E58020069E001 /* ProfileListCell.swift */; };
		F2F5FDAC22962EF3002A5513 /* TabBarController.swift in Sources */ = {isa = PBXBuildFile; fileRef = F2F5FDAB22962EF3002A5513 /* TabBarController.swift */; };
		F2F5FDB222963B14002A5513 /* NewsfeedController.swift in Sources */ = {isa = PBXBuildFile; fileRef = F2F5FDB122963B14002A5513 /* NewsfeedController.swift */; };
		F2F5FDB42296406F002A5513 /* PermissionController.swift in Sources */ = {isa = PBXBuildFile; fileRef = F2F5FDB32296406F002A5513 /* PermissionController.swift */; };
		F2F5FDB62296447D002A5513 /* CheckinController.swift in Sources */ = {isa = PBXBuildFile; fileRef = F2F5FDB52296447D002A5513 /* CheckinController.swift */; };
		F2F5FDB82296BFD4002A5513 /* ProfileController.swift in Sources */ = {isa = PBXBuildFile; fileRef = F2F5FDB72296BFD4002A5513 /* ProfileController.swift */; };
		F2F5FDBE229966AD002A5513 /* Account.swift in Sources */ = {isa = PBXBuildFile; fileRef = F2F5FDBD229966AD002A5513 /* Account.swift */; };
		F2F5FDC02299674A002A5513 /* Child.swift in Sources */ = {isa = PBXBuildFile; fileRef = F2F5FDBF2299674A002A5513 /* Child.swift */; };
		F2F5FDC222996EE0002A5513 /* Parent.swift in Sources */ = {isa = PBXBuildFile; fileRef = F2F5FDC122996EE0002A5513 /* Parent.swift */; };
		F2F5FDC62299ABA0002A5513 /* MasterSignup1Controller.swift in Sources */ = {isa = PBXBuildFile; fileRef = F2F5FDC52299ABA0002A5513 /* MasterSignup1Controller.swift */; };
		F2F5FDC92299AF43002A5513 /* ButtonUtils.swift in Sources */ = {isa = PBXBuildFile; fileRef = F2F5FDC82299AF43002A5513 /* ButtonUtils.swift */; };
		F2F5FDCB2299AF55002A5513 /* InputUtils.swift in Sources */ = {isa = PBXBuildFile; fileRef = F2F5FDCA2299AF55002A5513 /* InputUtils.swift */; };
		F2F5FDCD2299AF62002A5513 /* TextFieldUtils.swift in Sources */ = {isa = PBXBuildFile; fileRef = F2F5FDCC2299AF62002A5513 /* TextFieldUtils.swift */; };
		F2F5FDCF2299AF6E002A5513 /* AccountUtils.swift in Sources */ = {isa = PBXBuildFile; fileRef = F2F5FDCE2299AF6E002A5513 /* AccountUtils.swift */; };
		F2F5FDD12299B4EE002A5513 /* Colors.swift in Sources */ = {isa = PBXBuildFile; fileRef = F2F5FDD02299B4EE002A5513 /* Colors.swift */; };
		F2F5FDD32299BF38002A5513 /* MasterSignup2Controller.swift in Sources */ = {isa = PBXBuildFile; fileRef = F2F5FDD22299BF38002A5513 /* MasterSignup2Controller.swift */; };
		F2F5FDD52299FC05002A5513 /* MasterSignup3Controller.swift in Sources */ = {isa = PBXBuildFile; fileRef = F2F5FDD42299FC05002A5513 /* MasterSignup3Controller.swift */; };
		F2F5FDD82299FFA9002A5513 /* ImagePicker.swift in Sources */ = {isa = PBXBuildFile; fileRef = F2F5FDD72299FFA9002A5513 /* ImagePicker.swift */; };
		F2F5FDDC229A2B35002A5513 /* GoogleService-Info.plist in Resources */ = {isa = PBXBuildFile; fileRef = F2F5FDDB229A2B35002A5513 /* GoogleService-Info.plist */; };
		F2F5FDE1229A52D7002A5513 /* ProfileSignup2.swift in Sources */ = {isa = PBXBuildFile; fileRef = F2F5FDE0229A52D7002A5513 /* ProfileSignup2.swift */; };
		F2F5FDE3229B0316002A5513 /* MasterSignup4Controller.swift in Sources */ = {isa = PBXBuildFile; fileRef = F2F5FDE2229B0316002A5513 /* MasterSignup4Controller.swift */; };
		F2F639212295643D00AA7826 /* AppDelegate.swift in Sources */ = {isa = PBXBuildFile; fileRef = F2F639202295643D00AA7826 /* AppDelegate.swift */; };
		F2F639232295643D00AA7826 /* ViewController.swift in Sources */ = {isa = PBXBuildFile; fileRef = F2F639222295643D00AA7826 /* ViewController.swift */; };
		F2F639262295643D00AA7826 /* Main.storyboard in Resources */ = {isa = PBXBuildFile; fileRef = F2F639242295643D00AA7826 /* Main.storyboard */; };
		F2F6392B2295644100AA7826 /* Assets.xcassets in Resources */ = {isa = PBXBuildFile; fileRef = F2F6392A2295644100AA7826 /* Assets.xcassets */; };
		F2F6392E2295644100AA7826 /* LaunchScreen.storyboard in Resources */ = {isa = PBXBuildFile; fileRef = F2F6392C2295644100AA7826 /* LaunchScreen.storyboard */; };
		F2F6394922956DA500AA7826 /* Roboto-Medium.ttf in Resources */ = {isa = PBXBuildFile; fileRef = F2F6393622956DA500AA7826 /* Roboto-Medium.ttf */; };
		F2F6394A22956DA500AA7826 /* Roboto-Light.ttf in Resources */ = {isa = PBXBuildFile; fileRef = F2F6393722956DA500AA7826 /* Roboto-Light.ttf */; };
		F2F6394B22956DA500AA7826 /* RobotoCondensed-Bold.ttf in Resources */ = {isa = PBXBuildFile; fileRef = F2F6393822956DA500AA7826 /* RobotoCondensed-Bold.ttf */; };
		F2F6394C22956DA500AA7826 /* RobotoCondensed-Light.ttf in Resources */ = {isa = PBXBuildFile; fileRef = F2F6393922956DA500AA7826 /* RobotoCondensed-Light.ttf */; };
		F2F6394D22956DA500AA7826 /* Roboto-Regular.ttf in Resources */ = {isa = PBXBuildFile; fileRef = F2F6393A22956DA500AA7826 /* Roboto-Regular.ttf */; };
		F2F6394E22956DA500AA7826 /* Roboto-MediumItalic.ttf in Resources */ = {isa = PBXBuildFile; fileRef = F2F6393B22956DA500AA7826 /* Roboto-MediumItalic.ttf */; };
		F2F6394F22956DA500AA7826 /* RobotoCondensed-Italic.ttf in Resources */ = {isa = PBXBuildFile; fileRef = F2F6393C22956DA500AA7826 /* RobotoCondensed-Italic.ttf */; };
		F2F6395022956DA500AA7826 /* RobotoCondensed-BoldItalic.ttf in Resources */ = {isa = PBXBuildFile; fileRef = F2F6393D22956DA500AA7826 /* RobotoCondensed-BoldItalic.ttf */; };
		F2F6395122956DA500AA7826 /* Apache License.txt in Resources */ = {isa = PBXBuildFile; fileRef = F2F6393E22956DA500AA7826 /* Apache License.txt */; };
		F2F6395222956DA500AA7826 /* RobotoCondensed-LightItalic.ttf in Resources */ = {isa = PBXBuildFile; fileRef = F2F6393F22956DA500AA7826 /* RobotoCondensed-LightItalic.ttf */; };
		F2F6395322956DA500AA7826 /* Roboto-ThinItalic.ttf in Resources */ = {isa = PBXBuildFile; fileRef = F2F6394022956DA500AA7826 /* Roboto-ThinItalic.ttf */; };
		F2F6395422956DA500AA7826 /* RobotoCondensed-Regular.ttf in Resources */ = {isa = PBXBuildFile; fileRef = F2F6394122956DA500AA7826 /* RobotoCondensed-Regular.ttf */; };
		F2F6395522956DA500AA7826 /* Roboto-BoldItalic.ttf in Resources */ = {isa = PBXBuildFile; fileRef = F2F6394222956DA500AA7826 /* Roboto-BoldItalic.ttf */; };
		F2F6395622956DA500AA7826 /* Roboto-LightItalic.ttf in Resources */ = {isa = PBXBuildFile; fileRef = F2F6394322956DA500AA7826 /* Roboto-LightItalic.ttf */; };
		F2F6395722956DA500AA7826 /* Roboto-Italic.ttf in Resources */ = {isa = PBXBuildFile; fileRef = F2F6394422956DA500AA7826 /* Roboto-Italic.ttf */; };
		F2F6395822956DA500AA7826 /* Roboto-BlackItalic.ttf in Resources */ = {isa = PBXBuildFile; fileRef = F2F6394522956DA500AA7826 /* Roboto-BlackItalic.ttf */; };
		F2F6395922956DA500AA7826 /* Roboto-Bold.ttf in Resources */ = {isa = PBXBuildFile; fileRef = F2F6394622956DA500AA7826 /* Roboto-Bold.ttf */; };
		F2F6395A22956DA500AA7826 /* Roboto-Thin.ttf in Resources */ = {isa = PBXBuildFile; fileRef = F2F6394722956DA500AA7826 /* Roboto-Thin.ttf */; };
		F2F6395B22956DA500AA7826 /* Roboto-Black.ttf in Resources */ = {isa = PBXBuildFile; fileRef = F2F6394822956DA500AA7826 /* Roboto-Black.ttf */; };
		F2F6395D229615A300AA7826 /* ProfileSignup1.swift in Sources */ = {isa = PBXBuildFile; fileRef = F2F6395C229615A300AA7826 /* ProfileSignup1.swift */; };
/* End PBXBuildFile section */

/* Begin PBXFileReference section */
		3BD84FAA39690810BEBF502B /* Pods_Fam_ly___iOS_Edition.framework */ = {isa = PBXFileReference; explicitFileType = wrapper.framework; includeInIndex = 0; path = "Pods_Fam_ly___iOS_Edition.framework"; sourceTree = BUILT_PRODUCTS_DIR; };
		5D898B32D629CC2B57EC5735 /* Pods-Fam.ly - iOS Edition.debug.xcconfig */ = {isa = PBXFileReference; includeInIndex = 1; lastKnownFileType = text.xcconfig; name = "Pods-Fam.ly - iOS Edition.debug.xcconfig"; path = "Pods/Target Support Files/Pods-Fam.ly - iOS Edition/Pods-Fam.ly - iOS Edition.debug.xcconfig"; sourceTree = "<group>"; };
		9AFE2D9965DBB8EA4AEC0B74 /* Pods-Fam.ly - iOS Edition.release.xcconfig */ = {isa = PBXFileReference; includeInIndex = 1; lastKnownFileType = text.xcconfig; name = "Pods-Fam.ly - iOS Edition.release.xcconfig"; path = "Pods/Target Support Files/Pods-Fam.ly - iOS Edition/Pods-Fam.ly - iOS Edition.release.xcconfig"; sourceTree = "<group>"; };
		F23C9748229C51B3006D46CD /* ProfileLoginController.swift */ = {isa = PBXFileReference; lastKnownFileType = sourcecode.swift; path = ProfileLoginController.swift; sourceTree = "<group>"; };
		F23C974A229C7831006D46CD /* ForgotPasswordController.swift */ = {isa = PBXFileReference; lastKnownFileType = sourcecode.swift; path = ForgotPasswordController.swift; sourceTree = "<group>"; };
		F2C68BE8229CAFB80069E001 /* EditFamilyController.swift */ = {isa = PBXFileReference; lastKnownFileType = sourcecode.swift; path = EditFamilyController.swift; sourceTree = "<group>"; };
		F2C68BEA229DC2140069E001 /* EditPasswordController.swift */ = {isa = PBXFileReference; lastKnownFileType = sourcecode.swift; path = EditPasswordController.swift; sourceTree = "<group>"; };
		F2C68BEC229DEF080069E001 /* FamilyProfileController.swift */ = {isa = PBXFileReference; lastKnownFileType = sourcecode.swift; path = FamilyProfileController.swift; sourceTree = "<group>"; };
		F2C68BF0229E58020069E001 /* ProfileListCell.swift */ = {isa = PBXFileReference; lastKnownFileType = sourcecode.swift; path = ProfileListCell.swift; sourceTree = "<group>"; };
		F2F5FDAB22962EF3002A5513 /* TabBarController.swift */ = {isa = PBXFileReference; lastKnownFileType = sourcecode.swift; path = TabBarController.swift; sourceTree = "<group>"; };
		F2F5FDB122963B14002A5513 /* NewsfeedController.swift */ = {isa = PBXFileReference; lastKnownFileType = sourcecode.swift; path = NewsfeedController.swift; sourceTree = "<group>"; };
		F2F5FDB32296406F002A5513 /* PermissionController.swift */ = {isa = PBXFileReference; lastKnownFileType = sourcecode.swift; path = PermissionController.swift; sourceTree = "<group>"; };
		F2F5FDB52296447D002A5513 /* CheckinController.swift */ = {isa = PBXFileReference; lastKnownFileType = sourcecode.swift; path = CheckinController.swift; sourceTree = "<group>"; };
		F2F5FDB72296BFD4002A5513 /* ProfileController.swift */ = {isa = PBXFileReference; lastKnownFileType = sourcecode.swift; path = ProfileController.swift; sourceTree = "<group>"; };
		F2F5FDBD229966AD002A5513 /* Account.swift */ = {isa = PBXFileReference; lastKnownFileType = sourcecode.swift; path = Account.swift; sourceTree = "<group>"; };
		F2F5FDBF2299674A002A5513 /* Child.swift */ = {isa = PBXFileReference; lastKnownFileType = sourcecode.swift; path = Child.swift; sourceTree = "<group>"; };
		F2F5FDC122996EE0002A5513 /* Parent.swift */ = {isa = PBXFileReference; lastKnownFileType = sourcecode.swift; path = Parent.swift; sourceTree = "<group>"; };
		F2F5FDC52299ABA0002A5513 /* MasterSignup1Controller.swift */ = {isa = PBXFileReference; lastKnownFileType = sourcecode.swift; path = MasterSignup1Controller.swift; sourceTree = "<group>"; };
		F2F5FDC82299AF43002A5513 /* ButtonUtils.swift */ = {isa = PBXFileReference; lastKnownFileType = sourcecode.swift; path = ButtonUtils.swift; sourceTree = "<group>"; };
		F2F5FDCA2299AF55002A5513 /* InputUtils.swift */ = {isa = PBXFileReference; lastKnownFileType = sourcecode.swift; path = InputUtils.swift; sourceTree = "<group>"; };
		F2F5FDCC2299AF62002A5513 /* TextFieldUtils.swift */ = {isa = PBXFileReference; lastKnownFileType = sourcecode.swift; path = TextFieldUtils.swift; sourceTree = "<group>"; };
		F2F5FDCE2299AF6E002A5513 /* AccountUtils.swift */ = {isa = PBXFileReference; lastKnownFileType = sourcecode.swift; path = AccountUtils.swift; sourceTree = "<group>"; };
		F2F5FDD02299B4EE002A5513 /* Colors.swift */ = {isa = PBXFileReference; lastKnownFileType = sourcecode.swift; path = Colors.swift; sourceTree = "<group>"; };
		F2F5FDD22299BF38002A5513 /* MasterSignup2Controller.swift */ = {isa = PBXFileReference; lastKnownFileType = sourcecode.swift; path = MasterSignup2Controller.swift; sourceTree = "<group>"; };
		F2F5FDD42299FC05002A5513 /* MasterSignup3Controller.swift */ = {isa = PBXFileReference; lastKnownFileType = sourcecode.swift; path = MasterSignup3Controller.swift; sourceTree = "<group>"; };
		F2F5FDD72299FFA9002A5513 /* ImagePicker.swift */ = {isa = PBXFileReference; lastKnownFileType = sourcecode.swift; path = ImagePicker.swift; sourceTree = "<group>"; };
		F2F5FDDB229A2B35002A5513 /* GoogleService-Info.plist */ = {isa = PBXFileReference; fileEncoding = 4; lastKnownFileType = text.plist.xml; path = "GoogleService-Info.plist"; sourceTree = "<group>"; };
		F2F5FDE0229A52D7002A5513 /* ProfileSignup2.swift */ = {isa = PBXFileReference; lastKnownFileType = sourcecode.swift; path = ProfileSignup2.swift; sourceTree = "<group>"; };
		F2F5FDE2229B0316002A5513 /* MasterSignup4Controller.swift */ = {isa = PBXFileReference; lastKnownFileType = sourcecode.swift; path = MasterSignup4Controller.swift; sourceTree = "<group>"; };
		F2F6391D2295643D00AA7826 /* Fam.ly - iOS Edition.app */ = {isa = PBXFileReference; explicitFileType = wrapper.application; includeInIndex = 0; path = "Fam.ly - iOS Edition.app"; sourceTree = BUILT_PRODUCTS_DIR; };
		F2F639202295643D00AA7826 /* AppDelegate.swift */ = {isa = PBXFileReference; lastKnownFileType = sourcecode.swift; path = AppDelegate.swift; sourceTree = "<group>"; };
		F2F639222295643D00AA7826 /* ViewController.swift */ = {isa = PBXFileReference; lastKnownFileType = sourcecode.swift; path = ViewController.swift; sourceTree = "<group>"; };
		F2F639252295643D00AA7826 /* Base */ = {isa = PBXFileReference; lastKnownFileType = file.storyboard; name = Base; path = Base.lproj/Main.storyboard; sourceTree = "<group>"; };
		F2F6392A2295644100AA7826 /* Assets.xcassets */ = {isa = PBXFileReference; lastKnownFileType = folder.assetcatalog; path = Assets.xcassets; sourceTree = "<group>"; };
		F2F6392D2295644100AA7826 /* Base */ = {isa = PBXFileReference; lastKnownFileType = file.storyboard; name = Base; path = Base.lproj/LaunchScreen.storyboard; sourceTree = "<group>"; };
		F2F6392F2295644100AA7826 /* Info.plist */ = {isa = PBXFileReference; lastKnownFileType = text.plist.xml; path = Info.plist; sourceTree = "<group>"; };
		F2F6393622956DA500AA7826 /* Roboto-Medium.ttf */ = {isa = PBXFileReference; lastKnownFileType = file; path = "Roboto-Medium.ttf"; sourceTree = "<group>"; };
		F2F6393722956DA500AA7826 /* Roboto-Light.ttf */ = {isa = PBXFileReference; lastKnownFileType = file; path = "Roboto-Light.ttf"; sourceTree = "<group>"; };
		F2F6393822956DA500AA7826 /* RobotoCondensed-Bold.ttf */ = {isa = PBXFileReference; lastKnownFileType = file; path = "RobotoCondensed-Bold.ttf"; sourceTree = "<group>"; };
		F2F6393922956DA500AA7826 /* RobotoCondensed-Light.ttf */ = {isa = PBXFileReference; lastKnownFileType = file; path = "RobotoCondensed-Light.ttf"; sourceTree = "<group>"; };
		F2F6393A22956DA500AA7826 /* Roboto-Regular.ttf */ = {isa = PBXFileReference; lastKnownFileType = file; path = "Roboto-Regular.ttf"; sourceTree = "<group>"; };
		F2F6393B22956DA500AA7826 /* Roboto-MediumItalic.ttf */ = {isa = PBXFileReference; lastKnownFileType = file; path = "Roboto-MediumItalic.ttf"; sourceTree = "<group>"; };
		F2F6393C22956DA500AA7826 /* RobotoCondensed-Italic.ttf */ = {isa = PBXFileReference; lastKnownFileType = file; path = "RobotoCondensed-Italic.ttf"; sourceTree = "<group>"; };
		F2F6393D22956DA500AA7826 /* RobotoCondensed-BoldItalic.ttf */ = {isa = PBXFileReference; lastKnownFileType = file; path = "RobotoCondensed-BoldItalic.ttf"; sourceTree = "<group>"; };
		F2F6393E22956DA500AA7826 /* Apache License.txt */ = {isa = PBXFileReference; fileEncoding = 4; lastKnownFileType = text; path = "Apache License.txt"; sourceTree = "<group>"; };
		F2F6393F22956DA500AA7826 /* RobotoCondensed-LightItalic.ttf */ = {isa = PBXFileReference; lastKnownFileType = file; path = "RobotoCondensed-LightItalic.ttf"; sourceTree = "<group>"; };
		F2F6394022956DA500AA7826 /* Roboto-ThinItalic.ttf */ = {isa = PBXFileReference; lastKnownFileType = file; path = "Roboto-ThinItalic.ttf"; sourceTree = "<group>"; };
		F2F6394122956DA500AA7826 /* RobotoCondensed-Regular.ttf */ = {isa = PBXFileReference; lastKnownFileType = file; path = "RobotoCondensed-Regular.ttf"; sourceTree = "<group>"; };
		F2F6394222956DA500AA7826 /* Roboto-BoldItalic.ttf */ = {isa = PBXFileReference; lastKnownFileType = file; path = "Roboto-BoldItalic.ttf"; sourceTree = "<group>"; };
		F2F6394322956DA500AA7826 /* Roboto-LightItalic.ttf */ = {isa = PBXFileReference; lastKnownFileType = file; path = "Roboto-LightItalic.ttf"; sourceTree = "<group>"; };
		F2F6394422956DA500AA7826 /* Roboto-Italic.ttf */ = {isa = PBXFileReference; lastKnownFileType = file; path = "Roboto-Italic.ttf"; sourceTree = "<group>"; };
		F2F6394522956DA500AA7826 /* Roboto-BlackItalic.ttf */ = {isa = PBXFileReference; lastKnownFileType = file; path = "Roboto-BlackItalic.ttf"; sourceTree = "<group>"; };
		F2F6394622956DA500AA7826 /* Roboto-Bold.ttf */ = {isa = PBXFileReference; lastKnownFileType = file; path = "Roboto-Bold.ttf"; sourceTree = "<group>"; };
		F2F6394722956DA500AA7826 /* Roboto-Thin.ttf */ = {isa = PBXFileReference; lastKnownFileType = file; path = "Roboto-Thin.ttf"; sourceTree = "<group>"; };
		F2F6394822956DA500AA7826 /* Roboto-Black.ttf */ = {isa = PBXFileReference; lastKnownFileType = file; path = "Roboto-Black.ttf"; sourceTree = "<group>"; };
		F2F6395C229615A300AA7826 /* ProfileSignup1.swift */ = {isa = PBXFileReference; lastKnownFileType = sourcecode.swift; path = ProfileSignup1.swift; sourceTree = "<group>"; };
/* End PBXFileReference section */

/* Begin PBXFrameworksBuildPhase section */
		F2F6391A2295643D00AA7826 /* Frameworks */ = {
			isa = PBXFrameworksBuildPhase;
			buildActionMask = 2147483647;
			files = (
				E4C0A3226044D002583A7646 /* Pods_Fam_ly___iOS_Edition.framework in Frameworks */,
			);
			runOnlyForDeploymentPostprocessing = 0;
		};
/* End PBXFrameworksBuildPhase section */

/* Begin PBXGroup section */
		6162AAC92C3D3276B25BB149 /* Frameworks */ = {
			isa = PBXGroup;
			children = (
				3BD84FAA39690810BEBF502B /* Pods_Fam_ly___iOS_Edition.framework */,
			);
			name = Frameworks;
			sourceTree = "<group>";
		};
		D0979CC27B35F4E9A4E8A41C /* Pods */ = {
			isa = PBXGroup;
			children = (
				5D898B32D629CC2B57EC5735 /* Pods-Fam.ly - iOS Edition.debug.xcconfig */,
				9AFE2D9965DBB8EA4AEC0B74 /* Pods-Fam.ly - iOS Edition.release.xcconfig */,
			);
			name = Pods;
			sourceTree = "<group>";
		};
		F2C68BE7229CAF9A0069E001 /* Family Profile */ = {
			isa = PBXGroup;
			children = (
				F2C68BE8229CAFB80069E001 /* EditFamilyController.swift */,
				F2C68BEA229DC2140069E001 /* EditPasswordController.swift */,
				F2C68BEC229DEF080069E001 /* FamilyProfileController.swift */,
				F2C68BF0229E58020069E001 /* ProfileListCell.swift */,
			);
			path = "Family Profile";
			sourceTree = "<group>";
		};
		F2F5FDAD22963A72002A5513 /* Signup */ = {
			isa = PBXGroup;
			children = (
				F2F5FDC52299ABA0002A5513 /* MasterSignup1Controller.swift */,
				F2F5FDD22299BF38002A5513 /* MasterSignup2Controller.swift */,
				F2F5FDD42299FC05002A5513 /* MasterSignup3Controller.swift */,
				F2F5FDE2229B0316002A5513 /* MasterSignup4Controller.swift */,
				F2F6395C229615A300AA7826 /* ProfileSignup1.swift */,
				F2F5FDE0229A52D7002A5513 /* ProfileSignup2.swift */,
			);
			path = Signup;
			sourceTree = "<group>";
		};
		F2F5FDAE22963A9A002A5513 /* Navigation */ = {
			isa = PBXGroup;
			children = (
				F2F5FDAB22962EF3002A5513 /* TabBarController.swift */,
				F2F5FDB122963B14002A5513 /* NewsfeedController.swift */,
				F2F5FDB32296406F002A5513 /* PermissionController.swift */,
				F2F5FDB52296447D002A5513 /* CheckinController.swift */,
				F2F5FDB72296BFD4002A5513 /* ProfileController.swift */,
			);
			path = Navigation;
			sourceTree = "<group>";
		};
		F2F5FDAF22963ABD002A5513 /* Login */ = {
			isa = PBXGroup;
			children = (
				F2F639222295643D00AA7826 /* ViewController.swift */,
				F23C9748229C51B3006D46CD /* ProfileLoginController.swift */,
				F23C974A229C7831006D46CD /* ForgotPasswordController.swift */,
			);
			path = Login;
			sourceTree = "<group>";
		};
		F2F5FDBA2299666C002A5513 /* Objects */ = {
			isa = PBXGroup;
			children = (
				F2F5FDBB22996687002A5513 /* Account */,
			);
			path = Objects;
			sourceTree = "<group>";
		};
		F2F5FDBB22996687002A5513 /* Account */ = {
			isa = PBXGroup;
			children = (
				F2F5FDBC22996693002A5513 /* Profile */,
				F2F5FDBD229966AD002A5513 /* Account.swift */,
			);
			path = Account;
			sourceTree = "<group>";
		};
		F2F5FDBC22996693002A5513 /* Profile */ = {
			isa = PBXGroup;
			children = (
				F2F5FDBF2299674A002A5513 /* Child.swift */,
				F2F5FDC122996EE0002A5513 /* Parent.swift */,
			);
			path = Profile;
			sourceTree = "<group>";
		};
		F2F5FDC72299AF21002A5513 /* Utils */ = {
			isa = PBXGroup;
			children = (
				F2F5FDC82299AF43002A5513 /* ButtonUtils.swift */,
				F2F5FDCA2299AF55002A5513 /* InputUtils.swift */,
				F2F5FDCC2299AF62002A5513 /* TextFieldUtils.swift */,
				F2F5FDCE2299AF6E002A5513 /* AccountUtils.swift */,
				F2F5FDD02299B4EE002A5513 /* Colors.swift */,
			);
			path = Utils;
			sourceTree = "<group>";
		};
		F2F5FDD62299FF96002A5513 /* Images */ = {
			isa = PBXGroup;
			children = (
				F2F5FDD72299FFA9002A5513 /* ImagePicker.swift */,
			);
			path = Images;
			sourceTree = "<group>";
		};
		F2F639142295643D00AA7826 = {
			isa = PBXGroup;
			children = (
				F2F6391F2295643D00AA7826 /* Fam.ly - iOS Edition */,
				F2F6391E2295643D00AA7826 /* Products */,
				D0979CC27B35F4E9A4E8A41C /* Pods */,
				6162AAC92C3D3276B25BB149 /* Frameworks */,
			);
			sourceTree = "<group>";
		};
		F2F6391E2295643D00AA7826 /* Products */ = {
			isa = PBXGroup;
			children = (
				F2F6391D2295643D00AA7826 /* Fam.ly - iOS Edition.app */,
			);
			name = Products;
			sourceTree = "<group>";
		};
		F2F6391F2295643D00AA7826 /* Fam.ly - iOS Edition */ = {
			isa = PBXGroup;
			children = (
				F2F639202295643D00AA7826 /* AppDelegate.swift */,
				F2F6392A2295644100AA7826 /* Assets.xcassets */,
				F2F5FDAF22963ABD002A5513 /* Login */,
				F2F5FDAD22963A72002A5513 /* Signup */,
				F2F5FDAE22963A9A002A5513 /* Navigation */,
				F2C68BE7229CAF9A0069E001 /* Family Profile */,
				F2F5FDBA2299666C002A5513 /* Objects */,
				F2F5FDD62299FF96002A5513 /* Images */,
				F2F5FDC72299AF21002A5513 /* Utils */,
				F2F639242295643D00AA7826 /* Main.storyboard */,
				F2F6392C2295644100AA7826 /* LaunchScreen.storyboard */,
				F2F6392F2295644100AA7826 /* Info.plist */,
				F2F5FDDB229A2B35002A5513 /* GoogleService-Info.plist */,
				F2F6393522956DA500AA7826 /* roboto */,
			);
			path = "Fam.ly - iOS Edition";
			sourceTree = "<group>";
		};
		F2F6393522956DA500AA7826 /* roboto */ = {
			isa = PBXGroup;
			children = (
				F2F6393622956DA500AA7826 /* Roboto-Medium.ttf */,
				F2F6393722956DA500AA7826 /* Roboto-Light.ttf */,
				F2F6393822956DA500AA7826 /* RobotoCondensed-Bold.ttf */,
				F2F6393922956DA500AA7826 /* RobotoCondensed-Light.ttf */,
				F2F6393A22956DA500AA7826 /* Roboto-Regular.ttf */,
				F2F6393B22956DA500AA7826 /* Roboto-MediumItalic.ttf */,
				F2F6393C22956DA500AA7826 /* RobotoCondensed-Italic.ttf */,
				F2F6393D22956DA500AA7826 /* RobotoCondensed-BoldItalic.ttf */,
				F2F6393E22956DA500AA7826 /* Apache License.txt */,
				F2F6393F22956DA500AA7826 /* RobotoCondensed-LightItalic.ttf */,
				F2F6394022956DA500AA7826 /* Roboto-ThinItalic.ttf */,
				F2F6394122956DA500AA7826 /* RobotoCondensed-Regular.ttf */,
				F2F6394222956DA500AA7826 /* Roboto-BoldItalic.ttf */,
				F2F6394322956DA500AA7826 /* Roboto-LightItalic.ttf */,
				F2F6394422956DA500AA7826 /* Roboto-Italic.ttf */,
				F2F6394522956DA500AA7826 /* Roboto-BlackItalic.ttf */,
				F2F6394622956DA500AA7826 /* Roboto-Bold.ttf */,
				F2F6394722956DA500AA7826 /* Roboto-Thin.ttf */,
				F2F6394822956DA500AA7826 /* Roboto-Black.ttf */,
			);
			path = roboto;
			sourceTree = "<group>";
		};
/* End PBXGroup section */

/* Begin PBXNativeTarget section */
		F2F6391C2295643D00AA7826 /* Fam.ly - iOS Edition */ = {
			isa = PBXNativeTarget;
			buildConfigurationList = F2F639322295644100AA7826 /* Build configuration list for PBXNativeTarget "Fam.ly - iOS Edition" */;
			buildPhases = (
				0753ABBE68D489FEA7AA974D /* [CP] Check Pods Manifest.lock */,
				F2F639192295643D00AA7826 /* Sources */,
				F2F6391A2295643D00AA7826 /* Frameworks */,
				F2F6391B2295643D00AA7826 /* Resources */,
				B4E88D7FC274E23C6C55EE48 /* [CP] Embed Pods Frameworks */,
			);
			buildRules = (
			);
			dependencies = (
			);
			name = "Fam.ly - iOS Edition";
			productName = "Fam.ly - iOS Edition";
			productReference = F2F6391D2295643D00AA7826 /* Fam.ly - iOS Edition.app */;
			productType = "com.apple.product-type.application";
		};
/* End PBXNativeTarget section */

/* Begin PBXProject section */
		F2F639152295643D00AA7826 /* Project object */ = {
			isa = PBXProject;
			attributes = {
				LastSwiftUpdateCheck = 1020;
				LastUpgradeCheck = 1020;
				ORGANIZATIONNAME = "John Mack";
				TargetAttributes = {
					F2F6391C2295643D00AA7826 = {
						CreatedOnToolsVersion = 10.2.1;
					};
				};
			};
			buildConfigurationList = F2F639182295643D00AA7826 /* Build configuration list for PBXProject "Fam.ly - iOS Edition" */;
			compatibilityVersion = "Xcode 9.3";
			developmentRegion = en;
			hasScannedForEncodings = 0;
			knownRegions = (
				en,
				Base,
			);
			mainGroup = F2F639142295643D00AA7826;
			productRefGroup = F2F6391E2295643D00AA7826 /* Products */;
			projectDirPath = "";
			projectRoot = "";
			targets = (
				F2F6391C2295643D00AA7826 /* Fam.ly - iOS Edition */,
			);
		};
/* End PBXProject section */

/* Begin PBXResourcesBuildPhase section */
		F2F6391B2295643D00AA7826 /* Resources */ = {
			isa = PBXResourcesBuildPhase;
			buildActionMask = 2147483647;
			files = (
				F2F6394B22956DA500AA7826 /* RobotoCondensed-Bold.ttf in Resources */,
				F2F6395722956DA500AA7826 /* Roboto-Italic.ttf in Resources */,
				F2F6395922956DA500AA7826 /* Roboto-Bold.ttf in Resources */,
				F2F6395122956DA500AA7826 /* Apache License.txt in Resources */,
				F2F6394922956DA500AA7826 /* Roboto-Medium.ttf in Resources */,
				F2F6395B22956DA500AA7826 /* Roboto-Black.ttf in Resources */,
				F2F6395422956DA500AA7826 /* RobotoCondensed-Regular.ttf in Resources */,
				F2F6394D22956DA500AA7826 /* Roboto-Regular.ttf in Resources */,
				F2F6395222956DA500AA7826 /* RobotoCondensed-LightItalic.ttf in Resources */,
				F2F6392E2295644100AA7826 /* LaunchScreen.storyboard in Resources */,
				F2F6395822956DA500AA7826 /* Roboto-BlackItalic.ttf in Resources */,
				F2F6394A22956DA500AA7826 /* Roboto-Light.ttf in Resources */,
				F2F6394C22956DA500AA7826 /* RobotoCondensed-Light.ttf in Resources */,
				F2F6392B2295644100AA7826 /* Assets.xcassets in Resources */,
				F2F6395522956DA500AA7826 /* Roboto-BoldItalic.ttf in Resources */,
				F2F6395A22956DA500AA7826 /* Roboto-Thin.ttf in Resources */,
				F2F6395622956DA500AA7826 /* Roboto-LightItalic.ttf in Resources */,
				F2F6395022956DA500AA7826 /* RobotoCondensed-BoldItalic.ttf in Resources */,
				F2F6395322956DA500AA7826 /* Roboto-ThinItalic.ttf in Resources */,
				F2F5FDDC229A2B35002A5513 /* GoogleService-Info.plist in Resources */,
				F2F6394E22956DA500AA7826 /* Roboto-MediumItalic.ttf in Resources */,
				F2F639262295643D00AA7826 /* Main.storyboard in Resources */,
				F2F6394F22956DA500AA7826 /* RobotoCondensed-Italic.ttf in Resources */,
			);
			runOnlyForDeploymentPostprocessing = 0;
		};
/* End PBXResourcesBuildPhase section */

/* Begin PBXShellScriptBuildPhase section */
		0753ABBE68D489FEA7AA974D /* [CP] Check Pods Manifest.lock */ = {
			isa = PBXShellScriptBuildPhase;
			buildActionMask = 2147483647;
			files = (
			);
			inputFileListPaths = (
			);
			inputPaths = (
				"${PODS_PODFILE_DIR_PATH}/Podfile.lock",
				"${PODS_ROOT}/Manifest.lock",
			);
			name = "[CP] Check Pods Manifest.lock";
			outputFileListPaths = (
			);
			outputPaths = (
				"$(DERIVED_FILE_DIR)/Pods-Fam.ly - iOS Edition-checkManifestLockResult.txt",
			);
			runOnlyForDeploymentPostprocessing = 0;
			shellPath = /bin/sh;
			shellScript = "diff \"${PODS_PODFILE_DIR_PATH}/Podfile.lock\" \"${PODS_ROOT}/Manifest.lock\" > /dev/null\nif [ $? != 0 ] ; then\n    # print error to STDERR\n    echo \"error: The sandbox is not in sync with the Podfile.lock. Run 'pod install' or update your CocoaPods installation.\" >&2\n    exit 1\nfi\n# This output is used by Xcode 'outputs' to avoid re-running this script phase.\necho \"SUCCESS\" > \"${SCRIPT_OUTPUT_FILE_0}\"\n";
			showEnvVarsInLog = 0;
		};
		B4E88D7FC274E23C6C55EE48 /* [CP] Embed Pods Frameworks */ = {
			isa = PBXShellScriptBuildPhase;
			buildActionMask = 2147483647;
			files = (
			);
			inputFileListPaths = (
			);
			inputPaths = (
				"${SRCROOT}/Pods/Target Support Files/Pods-Fam.ly - iOS Edition/Pods-Fam.ly - iOS Edition-frameworks.sh",
				"${BUILT_PRODUCTS_DIR}/BoringSSL/openssl.framework",
				"${BUILT_PRODUCTS_DIR}/GTMSessionFetcher/GTMSessionFetcher.framework",
				"${BUILT_PRODUCTS_DIR}/GoogleUtilities/GoogleUtilities.framework",
				"${BUILT_PRODUCTS_DIR}/Protobuf/Protobuf.framework",
				"${BUILT_PRODUCTS_DIR}/gRPC/GRPCClient.framework",
				"${BUILT_PRODUCTS_DIR}/gRPC-C++/grpcpp.framework",
				"${BUILT_PRODUCTS_DIR}/gRPC-Core/grpc.framework",
				"${BUILT_PRODUCTS_DIR}/gRPC-ProtoRPC/ProtoRPC.framework",
				"${BUILT_PRODUCTS_DIR}/gRPC-RxLibrary/RxLibrary.framework",
				"${BUILT_PRODUCTS_DIR}/leveldb-library/leveldb.framework",
				"${BUILT_PRODUCTS_DIR}/nanopb/nanopb.framework",
			);
			name = "[CP] Embed Pods Frameworks";
			outputFileListPaths = (
			);
			outputPaths = (
				"${TARGET_BUILD_DIR}/${FRAMEWORKS_FOLDER_PATH}/openssl.framework",
				"${TARGET_BUILD_DIR}/${FRAMEWORKS_FOLDER_PATH}/GTMSessionFetcher.framework",
				"${TARGET_BUILD_DIR}/${FRAMEWORKS_FOLDER_PATH}/GoogleUtilities.framework",
				"${TARGET_BUILD_DIR}/${FRAMEWORKS_FOLDER_PATH}/Protobuf.framework",
				"${TARGET_BUILD_DIR}/${FRAMEWORKS_FOLDER_PATH}/GRPCClient.framework",
				"${TARGET_BUILD_DIR}/${FRAMEWORKS_FOLDER_PATH}/grpcpp.framework",
				"${TARGET_BUILD_DIR}/${FRAMEWORKS_FOLDER_PATH}/grpc.framework",
				"${TARGET_BUILD_DIR}/${FRAMEWORKS_FOLDER_PATH}/ProtoRPC.framework",
				"${TARGET_BUILD_DIR}/${FRAMEWORKS_FOLDER_PATH}/RxLibrary.framework",
				"${TARGET_BUILD_DIR}/${FRAMEWORKS_FOLDER_PATH}/leveldb.framework",
				"${TARGET_BUILD_DIR}/${FRAMEWORKS_FOLDER_PATH}/nanopb.framework",
			);
			runOnlyForDeploymentPostprocessing = 0;
			shellPath = /bin/sh;
			shellScript = "\"${SRCROOT}/Pods/Target Support Files/Pods-Fam.ly - iOS Edition/Pods-Fam.ly - iOS Edition-frameworks.sh\"\n";
			showEnvVarsInLog = 0;
		};
/* End PBXShellScriptBuildPhase section */

/* Begin PBXSourcesBuildPhase section */
		F2F639192295643D00AA7826 /* Sources */ = {
			isa = PBXSourcesBuildPhase;
			buildActionMask = 2147483647;
			files = (
				F2F639232295643D00AA7826 /* ViewController.swift in Sources */,
				F23C974B229C7831006D46CD /* ForgotPasswordController.swift in Sources */,
				F2C68BEB229DC2140069E001 /* EditPasswordController.swift in Sources */,
				F2C68BE9229CAFB80069E001 /* EditFamilyController.swift in Sources */,
				F23C9749229C51B3006D46CD /* ProfileLoginController.swift in Sources */,
				F2F5FDC92299AF43002A5513 /* ButtonUtils.swift in Sources */,
				F2F5FDE1229A52D7002A5513 /* ProfileSignup2.swift in Sources */,
				F2F639212295643D00AA7826 /* AppDelegate.swift in Sources */,
				F2F5FDB62296447D002A5513 /* CheckinController.swift in Sources */,
				F2F5FDAC22962EF3002A5513 /* TabBarController.swift in Sources */,
				F2F5FDC222996EE0002A5513 /* Parent.swift in Sources */,
				F2F5FDD52299FC05002A5513 /* MasterSignup3Controller.swift in Sources */,
				F2F5FDCD2299AF62002A5513 /* TextFieldUtils.swift in Sources */,
				F2F5FDD82299FFA9002A5513 /* ImagePicker.swift in Sources */,
				F2F5FDBE229966AD002A5513 /* Account.swift in Sources */,
				F2F5FDB82296BFD4002A5513 /* ProfileController.swift in Sources */,
				F2F5FDB222963B14002A5513 /* NewsfeedController.swift in Sources */,
				F2F5FDCF2299AF6E002A5513 /* AccountUtils.swift in Sources */,
				F2F5FDE3229B0316002A5513 /* MasterSignup4Controller.swift in Sources */,
				F2F5FDD12299B4EE002A5513 /* Colors.swift in Sources */,
				F2F5FDC02299674A002A5513 /* Child.swift in Sources */,
				F2C68BF1229E58020069E001 /* ProfileListCell.swift in Sources */,
				F2F5FDCB2299AF55002A5513 /* InputUtils.swift in Sources */,
				F2C68BED229DEF080069E001 /* FamilyProfileController.swift in Sources */,
				F2F5FDD32299BF38002A5513 /* MasterSignup2Controller.swift in Sources */,
				F2F5FDC62299ABA0002A5513 /* MasterSignup1Controller.swift in Sources */,
				F2F6395D229615A300AA7826 /* ProfileSignup1.swift in Sources */,
				F2F5FDB42296406F002A5513 /* PermissionController.swift in Sources */,
			);
			runOnlyForDeploymentPostprocessing = 0;
		};
/* End PBXSourcesBuildPhase section */

/* Begin PBXVariantGroup section */
		F2F639242295643D00AA7826 /* Main.storyboard */ = {
			isa = PBXVariantGroup;
			children = (
				F2F639252295643D00AA7826 /* Base */,
			);
			name = Main.storyboard;
			sourceTree = "<group>";
		};
		F2F6392C2295644100AA7826 /* LaunchScreen.storyboard */ = {
			isa = PBXVariantGroup;
			children = (
				F2F6392D2295644100AA7826 /* Base */,
			);
			name = LaunchScreen.storyboard;
			sourceTree = "<group>";
		};
/* End PBXVariantGroup section */

/* Begin XCBuildConfiguration section */
		F2F639302295644100AA7826 /* Debug */ = {
			isa = XCBuildConfiguration;
			buildSettings = {
				ALWAYS_SEARCH_USER_PATHS = NO;
				CLANG_ANALYZER_NONNULL = YES;
				CLANG_ANALYZER_NUMBER_OBJECT_CONVERSION = YES_AGGRESSIVE;
				CLANG_CXX_LANGUAGE_STANDARD = "gnu++14";
				CLANG_CXX_LIBRARY = "libc++";
				CLANG_ENABLE_MODULES = YES;
				CLANG_ENABLE_OBJC_ARC = YES;
				CLANG_ENABLE_OBJC_WEAK = YES;
				CLANG_WARN_BLOCK_CAPTURE_AUTORELEASING = YES;
				CLANG_WARN_BOOL_CONVERSION = YES;
				CLANG_WARN_COMMA = YES;
				CLANG_WARN_CONSTANT_CONVERSION = YES;
				CLANG_WARN_DEPRECATED_OBJC_IMPLEMENTATIONS = YES;
				CLANG_WARN_DIRECT_OBJC_ISA_USAGE = YES_ERROR;
				CLANG_WARN_DOCUMENTATION_COMMENTS = YES;
				CLANG_WARN_EMPTY_BODY = YES;
				CLANG_WARN_ENUM_CONVERSION = YES;
				CLANG_WARN_INFINITE_RECURSION = YES;
				CLANG_WARN_INT_CONVERSION = YES;
				CLANG_WARN_NON_LITERAL_NULL_CONVERSION = YES;
				CLANG_WARN_OBJC_IMPLICIT_RETAIN_SELF = YES;
				CLANG_WARN_OBJC_LITERAL_CONVERSION = YES;
				CLANG_WARN_OBJC_ROOT_CLASS = YES_ERROR;
				CLANG_WARN_RANGE_LOOP_ANALYSIS = YES;
				CLANG_WARN_STRICT_PROTOTYPES = YES;
				CLANG_WARN_SUSPICIOUS_MOVE = YES;
				CLANG_WARN_UNGUARDED_AVAILABILITY = YES_AGGRESSIVE;
				CLANG_WARN_UNREACHABLE_CODE = YES;
				CLANG_WARN__DUPLICATE_METHOD_MATCH = YES;
				CODE_SIGN_IDENTITY = "iPhone Developer";
				COPY_PHASE_STRIP = NO;
				DEBUG_INFORMATION_FORMAT = dwarf;
				ENABLE_STRICT_OBJC_MSGSEND = YES;
				ENABLE_TESTABILITY = YES;
				GCC_C_LANGUAGE_STANDARD = gnu11;
				GCC_DYNAMIC_NO_PIC = NO;
				GCC_NO_COMMON_BLOCKS = YES;
				GCC_OPTIMIZATION_LEVEL = 0;
				GCC_PREPROCESSOR_DEFINITIONS = (
					"DEBUG=1",
					"$(inherited)",
				);
				GCC_WARN_64_TO_32_BIT_CONVERSION = YES;
				GCC_WARN_ABOUT_RETURN_TYPE = YES_ERROR;
				GCC_WARN_UNDECLARED_SELECTOR = YES;
				GCC_WARN_UNINITIALIZED_AUTOS = YES_AGGRESSIVE;
				GCC_WARN_UNUSED_FUNCTION = YES;
				GCC_WARN_UNUSED_VARIABLE = YES;
				IPHONEOS_DEPLOYMENT_TARGET = 12.2;
				MTL_ENABLE_DEBUG_INFO = INCLUDE_SOURCE;
				MTL_FAST_MATH = YES;
				ONLY_ACTIVE_ARCH = YES;
				SDKROOT = iphoneos;
				SWIFT_ACTIVE_COMPILATION_CONDITIONS = DEBUG;
				SWIFT_OPTIMIZATION_LEVEL = "-Onone";
			};
			name = Debug;
		};
		F2F639312295644100AA7826 /* Release */ = {
			isa = XCBuildConfiguration;
			buildSettings = {
				ALWAYS_SEARCH_USER_PATHS = NO;
				CLANG_ANALYZER_NONNULL = YES;
				CLANG_ANALYZER_NUMBER_OBJECT_CONVERSION = YES_AGGRESSIVE;
				CLANG_CXX_LANGUAGE_STANDARD = "gnu++14";
				CLANG_CXX_LIBRARY = "libc++";
				CLANG_ENABLE_MODULES = YES;
				CLANG_ENABLE_OBJC_ARC = YES;
				CLANG_ENABLE_OBJC_WEAK = YES;
				CLANG_WARN_BLOCK_CAPTURE_AUTORELEASING = YES;
				CLANG_WARN_BOOL_CONVERSION = YES;
				CLANG_WARN_COMMA = YES;
				CLANG_WARN_CONSTANT_CONVERSION = YES;
				CLANG_WARN_DEPRECATED_OBJC_IMPLEMENTATIONS = YES;
				CLANG_WARN_DIRECT_OBJC_ISA_USAGE = YES_ERROR;
				CLANG_WARN_DOCUMENTATION_COMMENTS = YES;
				CLANG_WARN_EMPTY_BODY = YES;
				CLANG_WARN_ENUM_CONVERSION = YES;
				CLANG_WARN_INFINITE_RECURSION = YES;
				CLANG_WARN_INT_CONVERSION = YES;
				CLANG_WARN_NON_LITERAL_NULL_CONVERSION = YES;
				CLANG_WARN_OBJC_IMPLICIT_RETAIN_SELF = YES;
				CLANG_WARN_OBJC_LITERAL_CONVERSION = YES;
				CLANG_WARN_OBJC_ROOT_CLASS = YES_ERROR;
				CLANG_WARN_RANGE_LOOP_ANALYSIS = YES;
				CLANG_WARN_STRICT_PROTOTYPES = YES;
				CLANG_WARN_SUSPICIOUS_MOVE = YES;
				CLANG_WARN_UNGUARDED_AVAILABILITY = YES_AGGRESSIVE;
				CLANG_WARN_UNREACHABLE_CODE = YES;
				CLANG_WARN__DUPLICATE_METHOD_MATCH = YES;
				CODE_SIGN_IDENTITY = "iPhone Developer";
				COPY_PHASE_STRIP = NO;
				DEBUG_INFORMATION_FORMAT = "dwarf-with-dsym";
				ENABLE_NS_ASSERTIONS = NO;
				ENABLE_STRICT_OBJC_MSGSEND = YES;
				GCC_C_LANGUAGE_STANDARD = gnu11;
				GCC_NO_COMMON_BLOCKS = YES;
				GCC_WARN_64_TO_32_BIT_CONVERSION = YES;
				GCC_WARN_ABOUT_RETURN_TYPE = YES_ERROR;
				GCC_WARN_UNDECLARED_SELECTOR = YES;
				GCC_WARN_UNINITIALIZED_AUTOS = YES_AGGRESSIVE;
				GCC_WARN_UNUSED_FUNCTION = YES;
				GCC_WARN_UNUSED_VARIABLE = YES;
				IPHONEOS_DEPLOYMENT_TARGET = 12.2;
				MTL_ENABLE_DEBUG_INFO = NO;
				MTL_FAST_MATH = YES;
				SDKROOT = iphoneos;
				SWIFT_COMPILATION_MODE = wholemodule;
				SWIFT_OPTIMIZATION_LEVEL = "-O";
				VALIDATE_PRODUCT = YES;
			};
			name = Release;
		};
		F2F639332295644100AA7826 /* Debug */ = {
			isa = XCBuildConfiguration;
			baseConfigurationReference = 5D898B32D629CC2B57EC5735 /* Pods-Fam.ly - iOS Edition.debug.xcconfig */;
			buildSettings = {
				ASSETCATALOG_COMPILER_APPICON_NAME = AppIcon;
				CODE_SIGN_STYLE = Automatic;
				DEVELOPMENT_TEAM = B32R58BVV5;
				INFOPLIST_FILE = "Fam.ly - iOS Edition/Info.plist";
				LD_RUNPATH_SEARCH_PATHS = (
					"$(inherited)",
					"@executable_path/Frameworks",
				);
				PRODUCT_BUNDLE_IDENTIFIER = "com.MackJohn.Fam-ly---iOS-Edition";
				PRODUCT_NAME = "$(TARGET_NAME)";
				SWIFT_VERSION = 5.0;
				TARGETED_DEVICE_FAMILY = "1,2";
			};
			name = Debug;
		};
		F2F639342295644100AA7826 /* Release */ = {
			isa = XCBuildConfiguration;
			baseConfigurationReference = 9AFE2D9965DBB8EA4AEC0B74 /* Pods-Fam.ly - iOS Edition.release.xcconfig */;
			buildSettings = {
				ASSETCATALOG_COMPILER_APPICON_NAME = AppIcon;
				CODE_SIGN_STYLE = Automatic;
				DEVELOPMENT_TEAM = B32R58BVV5;
				INFOPLIST_FILE = "Fam.ly - iOS Edition/Info.plist";
				LD_RUNPATH_SEARCH_PATHS = (
					"$(inherited)",
					"@executable_path/Frameworks",
				);
				PRODUCT_BUNDLE_IDENTIFIER = "com.MackJohn.Fam-ly---iOS-Edition";
				PRODUCT_NAME = "$(TARGET_NAME)";
				SWIFT_VERSION = 5.0;
				TARGETED_DEVICE_FAMILY = "1,2";
			};
			name = Release;
		};
/* End XCBuildConfiguration section */

/* Begin XCConfigurationList section */
		F2F639182295643D00AA7826 /* Build configuration list for PBXProject "Fam.ly - iOS Edition" */ = {
			isa = XCConfigurationList;
			buildConfigurations = (
				F2F639302295644100AA7826 /* Debug */,
				F2F639312295644100AA7826 /* Release */,
			);
			defaultConfigurationIsVisible = 0;
			defaultConfigurationName = Release;
		};
		F2F639322295644100AA7826 /* Build configuration list for PBXNativeTarget "Fam.ly - iOS Edition" */ = {
			isa = XCConfigurationList;
			buildConfigurations = (
				F2F639332295644100AA7826 /* Debug */,
				F2F639342295644100AA7826 /* Release */,
			);
			defaultConfigurationIsVisible = 0;
			defaultConfigurationName = Release;
		};
/* End XCConfigurationList section */
	};
	rootObject = F2F639152295643D00AA7826 /* Project object */;
}
