
Microsoft Visual Studio Solution File, Format Version 12.00
# Visual Studio 15
VisualStudioVersion = 15.0.27428.2043
MinimumVisualStudioVersion = 10.0.40219.1
Project("{FAE04EC0-301F-11D3-BF4B-00C04F79EFBC}") = "MackJohn_Assignment3", "MackJohn_Assignment3\MackJohn_Assignment3.csproj", "{5DE9DF10-92FD-484B-B6C3-5B8AE100647A}"
EndProject
Global
	GlobalSection(SolutionConfigurationPlatforms) = preSolution
		Debug|Any CPU = Debug|Any CPU
		Release|Any CPU = Release|Any CPU
	EndGlobalSection
	GlobalSection(ProjectConfigurationPlatforms) = postSolution
		{5DE9DF10-92FD-484B-B6C3-5B8AE100647A}.Debug|Any CPU.ActiveCfg = Debug|Any CPU
		{5DE9DF10-92FD-484B-B6C3-5B8AE100647A}.Debug|Any CPU.Build.0 = Debug|Any CPU
		{5DE9DF10-92FD-484B-B6C3-5B8AE100647A}.Release|Any CPU.ActiveCfg = Release|Any CPU
		{5DE9DF10-92FD-484B-B6C3-5B8AE100647A}.Release|Any CPU.Build.0 = Release|Any CPU
	EndGlobalSection
	GlobalSection(SolutionProperties) = preSolution
		HideSolutionNode = FALSE
	EndGlobalSection
	GlobalSection(ExtensibilityGlobals) = postSolution
		SolutionGuid = {1645801D-2E21-4C18-B352-46D7F48AB9D3}
	EndGlobalSection
EndGlobal
