// !$*UTF8*$!
{
	archiveVersion = 1;
	classes = {
	};
	objectVersion = 50;
	objects = {

/* Begin PBXBuildFile section */
		F213348E216302D20077DD97 /* AppDelegate.swift in Sources */ = {isa = PBXBuildFile; fileRef = F213348D216302D20077DD97 /* AppDelegate.swift */; };
		F2133490216302D20077DD97 /* ViewController.swift in Sources */ = {isa = PBXBuildFile; fileRef = F213348F216302D20077DD97 /* ViewController.swift */; };
		F2133493216302D20077DD97 /* Main.storyboard in Resources */ = {isa = PBXBuildFile; fileRef = F2133491216302D20077DD97 /* Main.storyboard */; };
		F2133496216302D20077DD97 /* Keep_Calm_and_Calendar.xcdatamodeld in Sources */ = {isa = PBXBuildFile; fileRef = F2133494216302D20077DD97 /* Keep_Calm_and_Calendar.xcdatamodeld */; };
		F2133498216302D20077DD97 /* Assets.xcassets in Resources */ = {isa = PBXBuildFile; fileRef = F2133497216302D20077DD97 /* Assets.xcassets */; };
		F213349B216302D20077DD97 /* LaunchScreen.storyboard in Resources */ = {isa = PBXBuildFile; fileRef = F2133499216302D20077DD97 /* LaunchScreen.storyboard */; };
		F2E5DE5C2163102500325D95 /* SignUpViewController.swift in Sources */ = {isa = PBXBuildFile; fileRef = F2E5DE5B2163102500325D95 /* SignUpViewController.swift */; };
		F2E5DE5E2163185300325D95 /* ParentCodeViewController.swift in Sources */ = {isa = PBXBuildFile; fileRef = F2E5DE5D2163185300325D95 /* ParentCodeViewController.swift */; };
		F2E5DE6021638F6900325D95 /* LogInViewController.swift in Sources */ = {isa = PBXBuildFile; fileRef = F2E5DE5F21638F6900325D95 /* LogInViewController.swift */; };
		F2E5DE652163923000325D95 /* ScheduleViewController.swift in Sources */ = {isa = PBXBuildFile; fileRef = F2E5DE642163923000325D95 /* ScheduleViewController.swift */; };
		F2E5DE682164284C00325D95 /* WeekHeader.xib in Resources */ = {isa = PBXBuildFile; fileRef = F2E5DE672164284C00325D95 /* WeekHeader.xib */; };
		F2E5DE6A216429D100325D95 /* WeeklyHeaderView.swift in Sources */ = {isa = PBXBuildFile; fileRef = F2E5DE69216429D100325D95 /* WeeklyHeaderView.swift */; };
		F2E5DE6C21642EB600325D95 /* EventCell.swift in Sources */ = {isa = PBXBuildFile; fileRef = F2E5DE6B21642EB600325D95 /* EventCell.swift */; };
/* End PBXBuildFile section */

/* Begin PBXFileReference section */
		F213348A216302D10077DD97 /* Keep Calm and Calendar.app */ = {isa = PBXFileReference; explicitFileType = wrapper.application; includeInIndex = 0; path = "Keep Calm and Calendar.app"; sourceTree = BUILT_PRODUCTS_DIR; };
		F213348D216302D20077DD97 /* AppDelegate.swift */ = {isa = PBXFileReference; lastKnownFileType = sourcecode.swift; path = AppDelegate.swift; sourceTree = "<group>"; };
		F213348F216302D20077DD97 /* ViewController.swift */ = {isa = PBXFileReference; lastKnownFileType = sourcecode.swift; path = ViewController.swift; sourceTree = "<group>"; };
		F2133492216302D20077DD97 /* Base */ = {isa = PBXFileReference; lastKnownFileType = file.storyboard; name = Base; path = Base.lproj/Main.storyboard; sourceTree = "<group>"; };
		F2133495216302D20077DD97 /* Keep_Calm_and_Calendar.xcdatamodel */ = {isa = PBXFileReference; lastKnownFileType = wrapper.xcdatamodel; path = Keep_Calm_and_Calendar.xcdatamodel; sourceTree = "<group>"; };
		F2133497216302D20077DD97 /* Assets.xcassets */ = {isa = PBXFileReference; lastKnownFileType = folder.assetcatalog; path = Assets.xcassets; sourceTree = "<group>"; };
		F213349A216302D20077DD97 /* Base */ = {isa = PBXFileReference; lastKnownFileType = file.storyboard; name = Base; path = Base.lproj/LaunchScreen.storyboard; sourceTree = "<group>"; };
		F213349C216302D20077DD97 /* Info.plist */ = {isa = PBXFileReference; lastKnownFileType = text.plist.xml; path = Info.plist; sourceTree = "<group>"; };
		F2E5DE5B2163102500325D95 /* SignUpViewController.swift */ = {isa = PBXFileReference; lastKnownFileType = sourcecode.swift; path = SignUpViewController.swift; sourceTree = "<group>"; };
		F2E5DE5D2163185300325D95 /* ParentCodeViewController.swift */ = {isa = PBXFileReference; lastKnownFileType = sourcecode.swift; path = ParentCodeViewController.swift; sourceTree = "<group>"; };
		F2E5DE5F21638F6900325D95 /* LogInViewController.swift */ = {isa = PBXFileReference; lastKnownFileType = sourcecode.swift; path = LogInViewController.swift; sourceTree = "<group>"; };
		F2E5DE642163923000325D95 /* ScheduleViewController.swift */ = {isa = PBXFileReference; lastKnownFileType = sourcecode.swift; path = ScheduleViewController.swift; sourceTree = "<group>"; };
		F2E5DE672164284C00325D95 /* WeekHeader.xib */ = {isa = PBXFileReference; lastKnownFileType = file.xib; path = WeekHeader.xib; sourceTree = "<group>"; };
		F2E5DE69216429D100325D95 /* WeeklyHeaderView.swift */ = {isa = PBXFileReference; lastKnownFileType = sourcecode.swift; path = WeeklyHeaderView.swift; sourceTree = "<group>"; };
		F2E5DE6B21642EB600325D95 /* EventCell.swift */ = {isa = PBXFileReference; lastKnownFileType = sourcecode.swift; path = EventCell.swift; sourceTree = "<group>"; };
/* End PBXFileReference section */

/* Begin PBXFrameworksBuildPhase section */
		F2133487216302D10077DD97 /* Frameworks */ = {
			isa = PBXFrameworksBuildPhase;
			buildActionMask = 2147483647;
			files = (
			);
			runOnlyForDeploymentPostprocessing = 0;
		};
/* End PBXFrameworksBuildPhase section */

/* Begin PBXGroup section */
		F2133481216302D10077DD97 = {
			isa = PBXGroup;
			children = (
				F213348C216302D10077DD97 /* Keep Calm and Calendar */,
				F213348B216302D10077DD97 /* Products */,
			);
			sourceTree = "<group>";
		};
		F213348B216302D10077DD97 /* Products */ = {
			isa = PBXGroup;
			children = (
				F213348A216302D10077DD97 /* Keep Calm and Calendar.app */,
			);
			name = Products;
			sourceTree = "<group>";
		};
		F213348C216302D10077DD97 /* Keep Calm and Calendar */ = {
			isa = PBXGroup;
			children = (
				F213348D216302D20077DD97 /* AppDelegate.swift */,
				F2E5DE612163902900325D95 /* Welcome Screen */,
				F2E5DE622163904100325D95 /* Sign Up */,
				F2E5DE632163904A00325D95 /* Log In */,
				F2E5DE662163926200325D95 /* Schedule */,
				F2133491216302D20077DD97 /* Main.storyboard */,
				F2133497216302D20077DD97 /* Assets.xcassets */,
				F2133499216302D20077DD97 /* LaunchScreen.storyboard */,
				F213349C216302D20077DD97 /* Info.plist */,
				F2133494216302D20077DD97 /* Keep_Calm_and_Calendar.xcdatamodeld */,
			);
			path = "Keep Calm and Calendar";
			sourceTree = "<group>";
		};
		F2E5DE612163902900325D95 /* Welcome Screen */ = {
			isa = PBXGroup;
			children = (
				F213348F216302D20077DD97 /* ViewController.swift */,
			);
			path = "Welcome Screen";
			sourceTree = "<group>";
		};
		F2E5DE622163904100325D95 /* Sign Up */ = {
			isa = PBXGroup;
			children = (
				F2E5DE5B2163102500325D95 /* SignUpViewController.swift */,
				F2E5DE5D2163185300325D95 /* ParentCodeViewController.swift */,
			);
			path = "Sign Up";
			sourceTree = "<group>";
		};
		F2E5DE632163904A00325D95 /* Log In */ = {
			isa = PBXGroup;
			children = (
				F2E5DE5F21638F6900325D95 /* LogInViewController.swift */,
			);
			path = "Log In";
			sourceTree = "<group>";
		};
		F2E5DE662163926200325D95 /* Schedule */ = {
			isa = PBXGroup;
			children = (
				F2E5DE642163923000325D95 /* ScheduleViewController.swift */,
				F2E5DE672164284C00325D95 /* WeekHeader.xib */,
				F2E5DE69216429D100325D95 /* WeeklyHeaderView.swift */,
				F2E5DE6B21642EB600325D95 /* EventCell.swift */,
			);
			path = Schedule;
			sourceTree = "<group>";
		};
/* End PBXGroup section */

/* Begin PBXNativeTarget section */
		F2133489216302D10077DD97 /* Keep Calm and Calendar */ = {
			isa = PBXNativeTarget;
			buildConfigurationList = F213349F216302D20077DD97 /* Build configuration list for PBXNativeTarget "Keep Calm and Calendar" */;
			buildPhases = (
				F2133486216302D10077DD97 /* Sources */,
				F2133487216302D10077DD97 /* Frameworks */,
				F2133488216302D10077DD97 /* Resources */,
			);
			buildRules = (
			);
			dependencies = (
			);
			name = "Keep Calm and Calendar";
			productName = "Keep Calm and Calendar";
			productReference = F213348A216302D10077DD97 /* Keep Calm and Calendar.app */;
			productType = "com.apple.product-type.application";
		};
/* End PBXNativeTarget section */

/* Begin PBXProject section */
		F2133482216302D10077DD97 /* Project object */ = {
			isa = PBXProject;
			attributes = {
				LastSwiftUpdateCheck = 0940;
				LastUpgradeCheck = 0940;
				ORGANIZATIONNAME = "John Mack";
				TargetAttributes = {
					F2133489216302D10077DD97 = {
						CreatedOnToolsVersion = 9.4.1;
					};
				};
			};
			buildConfigurationList = F2133485216302D10077DD97 /* Build configuration list for PBXProject "Keep Calm and Calendar" */;
			compatibilityVersion = "Xcode 9.3";
			developmentRegion = en;
			hasScannedForEncodings = 0;
			knownRegions = (
				en,
				Base,
			);
			mainGroup = F2133481216302D10077DD97;
			productRefGroup = F213348B216302D10077DD97 /* Products */;
			projectDirPath = "";
			projectRoot = "";
			targets = (
				F2133489216302D10077DD97 /* Keep Calm and Calendar */,
			);
		};
/* End PBXProject section */

/* Begin PBXResourcesBuildPhase section */
		F2133488216302D10077DD97 /* Resources */ = {
			isa = PBXResourcesBuildPhase;
			buildActionMask = 2147483647;
			files = (
				F2E5DE682164284C00325D95 /* WeekHeader.xib in Resources */,
				F213349B216302D20077DD97 /* LaunchScreen.storyboard in Resources */,
				F2133498216302D20077DD97 /* Assets.xcassets in Resources */,
				F2133493216302D20077DD97 /* Main.storyboard in Resources */,
			);
			runOnlyForDeploymentPostprocessing = 0;
		};
/* End PBXResourcesBuildPhase section */

/* Begin PBXSourcesBuildPhase section */
		F2133486216302D10077DD97 /* Sources */ = {
			isa = PBXSourcesBuildPhase;
			buildActionMask = 2147483647;
			files = (
				F2133496216302D20077DD97 /* Keep_Calm_and_Calendar.xcdatamodeld in Sources */,
				F2E5DE6C21642EB600325D95 /* EventCell.swift in Sources */,
				F2133490216302D20077DD97 /* ViewController.swift in Sources */,
				F2E5DE6021638F6900325D95 /* LogInViewController.swift in Sources */,
				F2E5DE5E2163185300325D95 /* ParentCodeViewController.swift in Sources */,
				F2E5DE5C2163102500325D95 /* SignUpViewController.swift in Sources */,
				F2E5DE652163923000325D95 /* ScheduleViewController.swift in Sources */,
				F2E5DE6A216429D100325D95 /* WeeklyHeaderView.swift in Sources */,
				F213348E216302D20077DD97 /* AppDelegate.swift in Sources */,
			);
			runOnlyForDeploymentPostprocessing = 0;
		};
/* End PBXSourcesBuildPhase section */

/* Begin PBXVariantGroup section */
		F2133491216302D20077DD97 /* Main.storyboard */ = {
			isa = PBXVariantGroup;
			children = (
				F2133492216302D20077DD97 /* Base */,
			);
			name = Main.storyboard;
			sourceTree = "<group>";
		};
		F2133499216302D20077DD97 /* LaunchScreen.storyboard */ = {
			isa = PBXVariantGroup;
			children = (
				F213349A216302D20077DD97 /* Base */,
			);
			name = LaunchScreen.storyboard;
			sourceTree = "<group>";
		};
/* End PBXVariantGroup section */

/* Begin XCBuildConfiguration section */
		F213349D216302D20077DD97 /* Debug */ = {
			isa = XCBuildConfiguration;
			buildSettings = {
				ALWAYS_SEARCH_USER_PATHS = NO;
				CLANG_ANALYZER_NONNULL = YES;
				CLANG_ANALYZER_NUMBER_OBJECT_CONVERSION = YES_AGGRESSIVE;
				CLANG_CXX_LANGUAGE_STANDARD = "gnu++14";
				CLANG_CXX_LIBRARY = "libc++";
				CLANG_ENABLE_MODULES = YES;
				CLANG_ENABLE_OBJC_ARC = YES;
				CLANG_ENABLE_OBJC_WEAK = YES;
				CLANG_WARN_BLOCK_CAPTURE_AUTORELEASING = YES;
				CLANG_WARN_BOOL_CONVERSION = YES;
				CLANG_WARN_COMMA = YES;
				CLANG_WARN_CONSTANT_CONVERSION = YES;
				CLANG_WARN_DEPRECATED_OBJC_IMPLEMENTATIONS = YES;
				CLANG_WARN_DIRECT_OBJC_ISA_USAGE = YES_ERROR;
				CLANG_WARN_DOCUMENTATION_COMMENTS = YES;
				CLANG_WARN_EMPTY_BODY = YES;
				CLANG_WARN_ENUM_CONVERSION = YES;
				CLANG_WARN_INFINITE_RECURSION = YES;
				CLANG_WARN_INT_CONVERSION = YES;
				CLANG_WARN_NON_LITERAL_NULL_CONVERSION = YES;
				CLANG_WARN_OBJC_IMPLICIT_RETAIN_SELF = YES;
				CLANG_WARN_OBJC_LITERAL_CONVERSION = YES;
				CLANG_WARN_OBJC_ROOT_CLASS = YES_ERROR;
				CLANG_WARN_RANGE_LOOP_ANALYSIS = YES;
				CLANG_WARN_STRICT_PROTOTYPES = YES;
				CLANG_WARN_SUSPICIOUS_MOVE = YES;
				CLANG_WARN_UNGUARDED_AVAILABILITY = YES_AGGRESSIVE;
				CLANG_WARN_UNREACHABLE_CODE = YES;
				CLANG_WARN__DUPLICATE_METHOD_MATCH = YES;
				CODE_SIGN_IDENTITY = "iPhone Developer";
				COPY_PHASE_STRIP = NO;
				DEBUG_INFORMATION_FORMAT = dwarf;
				ENABLE_STRICT_OBJC_MSGSEND = YES;
				ENABLE_TESTABILITY = YES;
				GCC_C_LANGUAGE_STANDARD = gnu11;
				GCC_DYNAMIC_NO_PIC = NO;
				GCC_NO_COMMON_BLOCKS = YES;
				GCC_OPTIMIZATION_LEVEL = 0;
				GCC_PREPROCESSOR_DEFINITIONS = (
					"DEBUG=1",
					"$(inherited)",
				);
				GCC_WARN_64_TO_32_BIT_CONVERSION = YES;
				GCC_WARN_ABOUT_RETURN_TYPE = YES_ERROR;
				GCC_WARN_UNDECLARED_SELECTOR = YES;
				GCC_WARN_UNINITIALIZED_AUTOS = YES_AGGRESSIVE;
				GCC_WARN_UNUSED_FUNCTION = YES;
				GCC_WARN_UNUSED_VARIABLE = YES;
				IPHONEOS_DEPLOYMENT_TARGET = 11.4;
				MTL_ENABLE_DEBUG_INFO = YES;
				ONLY_ACTIVE_ARCH = YES;
				SDKROOT = iphoneos;
				SWIFT_ACTIVE_COMPILATION_CONDITIONS = DEBUG;
				SWIFT_OPTIMIZATION_LEVEL = "-Onone";
			};
			name = Debug;
		};
		F213349E216302D20077DD97 /* Release */ = {
			isa = XCBuildConfiguration;
			buildSettings = {
				ALWAYS_SEARCH_USER_PATHS = NO;
				CLANG_ANALYZER_NONNULL = YES;
				CLANG_ANALYZER_NUMBER_OBJECT_CONVERSION = YES_AGGRESSIVE;
				CLANG_CXX_LANGUAGE_STANDARD = "gnu++14";
				CLANG_CXX_LIBRARY = "libc++";
				CLANG_ENABLE_MODULES = YES;
				CLANG_ENABLE_OBJC_ARC = YES;
				CLANG_ENABLE_OBJC_WEAK = YES;
				CLANG_WARN_BLOCK_CAPTURE_AUTORELEASING = YES;
				CLANG_WARN_BOOL_CONVERSION = YES;
				CLANG_WARN_COMMA = YES;
				CLANG_WARN_CONSTANT_CONVERSION = YES;
				CLANG_WARN_DEPRECATED_OBJC_IMPLEMENTATIONS = YES;
				CLANG_WARN_DIRECT_OBJC_ISA_USAGE = YES_ERROR;
				CLANG_WARN_DOCUMENTATION_COMMENTS = YES;
				CLANG_WARN_EMPTY_BODY = YES;
				CLANG_WARN_ENUM_CONVERSION = YES;
				CLANG_WARN_INFINITE_RECURSION = YES;
				CLANG_WARN_INT_CONVERSION = YES;
				CLANG_WARN_NON_LITERAL_NULL_CONVERSION = YES;
				CLANG_WARN_OBJC_IMPLICIT_RETAIN_SELF = YES;
				CLANG_WARN_OBJC_LITERAL_CONVERSION = YES;
				CLANG_WARN_OBJC_ROOT_CLASS = YES_ERROR;
				CLANG_WARN_RANGE_LOOP_ANALYSIS = YES;
				CLANG_WARN_STRICT_PROTOTYPES = YES;
				CLANG_WARN_SUSPICIOUS_MOVE = YES;
				CLANG_WARN_UNGUARDED_AVAILABILITY = YES_AGGRESSIVE;
				CLANG_WARN_UNREACHABLE_CODE = YES;
				CLANG_WARN__DUPLICATE_METHOD_MATCH = YES;
				CODE_SIGN_IDENTITY = "iPhone Developer";
				COPY_PHASE_STRIP = NO;
				DEBUG_INFORMATION_FORMAT = "dwarf-with-dsym";
				ENABLE_NS_ASSERTIONS = NO;
				ENABLE_STRICT_OBJC_MSGSEND = YES;
				GCC_C_LANGUAGE_STANDARD = gnu11;
				GCC_NO_COMMON_BLOCKS = YES;
				GCC_WARN_64_TO_32_BIT_CONVERSION = YES;
				GCC_WARN_ABOUT_RETURN_TYPE = YES_ERROR;
				GCC_WARN_UNDECLARED_SELECTOR = YES;
				GCC_WARN_UNINITIALIZED_AUTOS = YES_AGGRESSIVE;
				GCC_WARN_UNUSED_FUNCTION = YES;
				GCC_WARN_UNUSED_VARIABLE = YES;
				IPHONEOS_DEPLOYMENT_TARGET = 11.4;
				MTL_ENABLE_DEBUG_INFO = NO;
				SDKROOT = iphoneos;
				SWIFT_COMPILATION_MODE = wholemodule;
				SWIFT_OPTIMIZATION_LEVEL = "-O";
				VALIDATE_PRODUCT = YES;
			};
			name = Release;
		};
		F21334A0216302D20077DD97 /* Debug */ = {
			isa = XCBuildConfiguration;
			buildSettings = {
				ASSETCATALOG_COMPILER_APPICON_NAME = AppIcon;
				CODE_SIGN_STYLE = Automatic;
				DEVELOPMENT_TEAM = B32R58BVV5;
				INFOPLIST_FILE = "Keep Calm and Calendar/Info.plist";
				LD_RUNPATH_SEARCH_PATHS = (
					"$(inherited)",
					"@executable_path/Frameworks",
				);
				PRODUCT_BUNDLE_IDENTIFIER = "com.MackJohn.Keep-Calm-and-Calendar";
				PRODUCT_NAME = "$(TARGET_NAME)";
				SWIFT_VERSION = 4.0;
				TARGETED_DEVICE_FAMILY = "1,2";
			};
			name = Debug;
		};
		F21334A1216302D20077DD97 /* Release */ = {
			isa = XCBuildConfiguration;
			buildSettings = {
				ASSETCATALOG_COMPILER_APPICON_NAME = AppIcon;
				CODE_SIGN_STYLE = Automatic;
				DEVELOPMENT_TEAM = B32R58BVV5;
				INFOPLIST_FILE = "Keep Calm and Calendar/Info.plist";
				LD_RUNPATH_SEARCH_PATHS = (
					"$(inherited)",
					"@executable_path/Frameworks",
				);
				PRODUCT_BUNDLE_IDENTIFIER = "com.MackJohn.Keep-Calm-and-Calendar";
				PRODUCT_NAME = "$(TARGET_NAME)";
				SWIFT_VERSION = 4.0;
				TARGETED_DEVICE_FAMILY = "1,2";
			};
			name = Release;
		};
/* End XCBuildConfiguration section */

/* Begin XCConfigurationList section */
		F2133485216302D10077DD97 /* Build configuration list for PBXProject "Keep Calm and Calendar" */ = {
			isa = XCConfigurationList;
			buildConfigurations = (
				F213349D216302D20077DD97 /* Debug */,
				F213349E216302D20077DD97 /* Release */,
			);
			defaultConfigurationIsVisible = 0;
			defaultConfigurationName = Release;
		};
		F213349F216302D20077DD97 /* Build configuration list for PBXNativeTarget "Keep Calm and Calendar" */ = {
			isa = XCConfigurationList;
			buildConfigurations = (
				F21334A0216302D20077DD97 /* Debug */,
				F21334A1216302D20077DD97 /* Release */,
			);
			defaultConfigurationIsVisible = 0;
			defaultConfigurationName = Release;
		};
/* End XCConfigurationList section */

/* Begin XCVersionGroup section */
		F2133494216302D20077DD97 /* Keep_Calm_and_Calendar.xcdatamodeld */ = {
			isa = XCVersionGroup;
			children = (
				F2133495216302D20077DD97 /* Keep_Calm_and_Calendar.xcdatamodel */,
			);
			currentVersion = F2133495216302D20077DD97 /* Keep_Calm_and_Calendar.xcdatamodel */;
			path = Keep_Calm_and_Calendar.xcdatamodeld;
			sourceTree = "<group>";
			versionGroupType = wrapper.xcdatamodel;
		};
/* End XCVersionGroup section */
	};
	rootObject = F2133482216302D10077DD97 /* Project object */;
}
